<?xml version="1.0" encoding="utf-8"?>
<Project ToolsVersion="4.0" xmlns="http://schemas.microsoft.com/developer/msbuild/2003">
  <ItemGroup>
    <Filter Include="Source Files">
      <UniqueIdentifier>{4FC737F1-C7A5-4376-A066-2A32D752A2FF}</UniqueIdentifier>
      <Extensions>cpp;c;cc;cxx;c++;cppm;ixx;def;odl;idl;hpj;bat;asm;asmx</Extensions>
    </Filter>
    <Filter Include="Header Files">
      <UniqueIdentifier>{93995380-89BD-4b04-88EB-625FBE52EBFB}</UniqueIdentifier>
      <Extensions>h;hh;hpp;hxx;h++;hm;inl;inc;ipp;xsd</Extensions>
    </Filter>
    <Filter Include="Resource Files">
      <UniqueIdentifier>{67DA6AB6-F800-4c08-8B7A-83BB121AAD01}</UniqueIdentifier>
      <Extensions>rc;ico;cur;bmp;dlg;rc2;rct;bin;rgs;gif;jpg;jpeg;jpe;resx;tiff;tif;png;wav;mfcribbon-ms</Extensions>
    </Filter>
  </ItemGroup>
  <ItemGroup>
    <ClInclude Include="Canvas.h">
      <Filter>Header Files</Filter>
    </ClInclude>
    <ClInclude Include="Transformations\RotationX.h">
      <Filter>Header Files</Filter>
    </ClInclude>
    <ClInclude Include="Transformations\RotationY.h">
      <Filter>Header Files</Filter>
    </ClInclude>
    <ClInclude Include="Transformations\RotationZ.h">
      <Filter>Header Files</Filter>
    </ClInclude>
    <ClInclude Include="Transformations\Scale.h">
      <Filter>Header Files</Filter>
    </ClInclude>
    <ClInclude Include="Transformations\Shearing.h">
      <Filter>Header Files</Filter>
    </ClInclude>
    <ClInclude Include="Transformations\Translation.h">
      <Filter>Header Files</Filter>
    </ClInclude>
    <ClInclude Include="Types\Colour.h">
      <Filter>Header Files</Filter>
    </ClInclude>
    <ClInclude Include="Types\Matrix.h">
      <Filter>Header Files</Filter>
    </ClInclude>
    <ClInclude Include="Types\Point.h">
      <Filter>Header Files</Filter>
    </ClInclude>
    <ClInclude Include="Types\Tuple.h">
      <Filter>Header Files</Filter>
    </ClInclude>
    <ClInclude Include="Types\Vector.h">
      <Filter>Header Files</Filter>
    </ClInclude>
    <ClInclude Include="Ray.h">
      <Filter>Header Files</Filter>
    </ClInclude>
    <ClInclude Include="Sphere.h">
      <Filter>Header Files</Filter>
    </ClInclude>
    <ClInclude Include="Intersection.h">
      <Filter>Header Files</Filter>
    </ClInclude>
    <ClInclude Include="Object.h">
      <Filter>Header Files</Filter>
    </ClInclude>
  </ItemGroup>
  <ItemGroup>
    <ClCompile Include="Canvas.cpp">
      <Filter>Source Files</Filter>
    </ClCompile>
    <ClCompile Include="main.cpp">
      <Filter>Source Files</Filter>
    </ClCompile>
    <ClCompile Include="Transformations\RotationX.cpp">
      <Filter>Source Files</Filter>
    </ClCompile>
    <ClCompile Include="Transformations\RotationY.cpp">
      <Filter>Source Files</Filter>
    </ClCompile>
    <ClCompile Include="Transformations\RotationZ.cpp">
      <Filter>Source Files</Filter>
    </ClCompile>
    <ClCompile Include="Transformations\Scale.cpp">
      <Filter>Source Files</Filter>
    </ClCompile>
    <ClCompile Include="Transformations\Shearing.cpp">
      <Filter>Source Files</Filter>
    </ClCompile>
    <ClCompile Include="Transformations\Translation.cpp">
      <Filter>Source Files</Filter>
    </ClCompile>
    <ClCompile Include="Types\Colour.cpp">
      <Filter>Source Files</Filter>
    </ClCompile>
    <ClCompile Include="Types\Matrix.cpp">
      <Filter>Source Files</Filter>
    </ClCompile>
    <ClCompile Include="Types\Point.cpp">
      <Filter>Source Files</Filter>
    </ClCompile>
    <ClCompile Include="Types\Tuple.cpp">
      <Filter>Source Files</Filter>
    </ClCompile>
    <ClCompile Include="Types\Vector.cpp">
      <Filter>Source Files</Filter>
    </ClCompile>
    <ClCompile Include="Ray.cpp">
      <Filter>Source Files</Filter>
    </ClCompile>
    <ClCompile Include="Sphere.cpp">
      <Filter>Source Files</Filter>
    </ClCompile>
    <ClCompile Include="Intersection.cpp">
      <Filter>Source Files</Filter>
    </ClCompile>
    <ClCompile Include="Object.cpp">
      <Filter>Source Files</Filter>
    </ClCompile>
  </ItemGroup>
</Project>